<?xml version="1.0" encoding="UTF-8" standalone="yes" ?>
<CodeBlocks_project_file>
	<FileVersion major="1" minor="6" />
	<Project>
		<Option title="trabalho-1" />
		<Option pch_mode="2" />
		<Option compiler="gcc" />
		<Build>
			<Target title="Debug">
				<Option output="bin/Debug/trabalho-1" prefix_auto="1" extension_auto="1" />
				<Option object_output="obj/Debug/" />
				<Option type="1" />
				<Option compiler="gcc" />
				<Compiler>
					<Add option="-g" />
				</Compiler>
			</Target>
			<Target title="Release">
				<Option output="bin/Release/trabalho-1" prefix_auto="1" extension_auto="1" />
				<Option object_output="obj/Release/" />
				<Option type="1" />
				<Option compiler="gcc" />
				<Compiler>
					<Add option="-O2" />
				</Compiler>
				<Linker>
					<Add option="-s" />
				</Linker>
			</Target>
		</Build>
		<Compiler>
			<Add option="-Wall" />
			<Add option="-fexceptions" />
		</Compiler>
		<Linker>
			<Add option="-lsqlite3" />
		</Linker>
		<Unit filename="libs/apresentacao_utils/apresentacao_utils.hpp" />
		<Unit filename="libs/comandoSQL/comandoSQL.cpp" />
		<Unit filename="libs/comandoSQL/comandoSQL.hpp" />
		<Unit filename="libs/dominios/dominios.cpp" />
		<Unit filename="libs/dominios/dominios.hpp" />
		<Unit filename="libs/entidades/entidades.cpp" />
		<Unit filename="libs/entidades/entidades.hpp" />
		<Unit filename="libs/sessao_usuario/sessao_usuario.cpp" />
		<Unit filename="libs/sessao_usuario/sessao_usuario.hpp" />
		<Unit filename="libs/sqlite/sqlite3.c">
			<Option compilerVar="CC" />
		</Unit>
		<Unit filename="libs/sqlite/sqlite3.h" />
		<Unit filename="libs/tipos/estruturas.hpp" />
		<Unit filename="main.cpp" />
		<Unit filename="src/apresentacao/AMenuInicial.hpp" />
		<Unit filename="src/apresentacao/IAutenticacao.hpp" />
		<Unit filename="src/apresentacao/IConta.hpp" />
		<Unit filename="src/apresentacao/IInvestimento.hpp" />
		<Unit filename="src/apresentacao/IMenuInicial.hpp" />
		<Unit filename="src/apresentacao/aplicacao_controlador.cpp" />
		<Unit filename="src/apresentacao/aplicacao_controlador.hpp" />
		<Unit filename="src/apresentacao/autenticacao/autenticacao_controlador.cpp" />
		<Unit filename="src/apresentacao/autenticacao/autenticacao_controlador.hpp" />
		<Unit filename="src/apresentacao/autenticacao/interface_apresentacao_autenticacao.hpp" />
		<Unit filename="src/apresentacao/carteira/carteira_controlador.cpp" />
		<Unit filename="src/apresentacao/carteira/carteira_controlador.hpp" />
		<Unit filename="src/apresentacao/carteira/interface_apresentacao_carteira.hpp" />
		<Unit filename="src/apresentacao/conta/conta_controlador.cpp" />
		<Unit filename="src/apresentacao/conta/conta_controlador.hpp" />
		<Unit filename="src/apresentacao/conta/interface_apresentacao_conta.hpp" />
		<Unit filename="src/apresentacao/controlador/CntrlIAAutenticacao.hpp" />
		<Unit filename="src/apresentacao/controlador/CntrlIAConta.hpp" />
		<Unit filename="src/apresentacao/controlador/CntrlIAInvestimento.hpp" />
		<Unit filename="src/apresentacao/interface/IAAutenticacao.hpp" />
		<Unit filename="src/apresentacao/interface/IAConta.hpp" />
		<Unit filename="src/apresentacao/interface/IAInvestimento.hpp" />
		<Unit filename="src/apresentacao/interface/IAMenuInicial.hpp" />
		<Unit filename="src/apresentacao/ordem/interface_apresentacao_ordem.hpp" />
		<Unit filename="src/apresentacao/ordem/ordem_controlador.cpp" />
		<Unit filename="src/apresentacao/ordem/ordem_controlador.hpp" />
		<Unit filename="src/dominios/dominios.hpp" />
		<Unit filename="src/entidades/entidades.hpp" />
		<Unit filename="src/persistencia/autenticacao/autenticacao_repositorio.cpp" />
		<Unit filename="src/persistencia/autenticacao/autenticacao_repositorio.hpp" />
		<Unit filename="src/persistencia/autenticacao/interface_repositorio_autenticacao.hpp" />
		<Unit filename="src/persistencia/carteira/carteira_repositorio.cpp" />
		<Unit filename="src/persistencia/carteira/carteira_repositorio.hpp" />
		<Unit filename="src/persistencia/carteira/interface_repositorio_carteira.hpp" />
		<Unit filename="src/persistencia/conta/conta_repositorio.cpp" />
		<Unit filename="src/persistencia/conta/conta_repositorio.hpp" />
		<Unit filename="src/persistencia/conta/interface_repositorio_conta.hpp" />
		<Unit filename="src/persistencia/gerenciador_bd.cpp" />
		<Unit filename="src/persistencia/gerenciador_bd.hpp" />
		<Unit filename="src/persistencia/ordem/interface_repositorio_ordem.hpp" />
		<Unit filename="src/persistencia/ordem/ordem_repositorio.cpp" />
		<Unit filename="src/persistencia/ordem/ordem_repositorio.hpp" />
		<Unit filename="src/servico/IAutenticacao.hpp" />
		<Unit filename="src/servico/IConta.hpp" />
		<Unit filename="src/servico/IInvestimento.hpp" />
		<Unit filename="src/servico/controlador/CntrlISAutenticacao.hpp" />
		<Unit filename="src/servico/controlador/CntrlISConta.hpp" />
		<Unit filename="src/servico/controlador/CntrlISInvestimento.hpp" />
		<Unit filename="src/servico/interface/ISAutenticacao.hpp" />
		<Unit filename="src/servico/interface/ISConta.hpp" />
		<Unit filename="src/servico/interface/ISInvestimento.hpp" />
		<Unit filename="src/servicos/IAutenticacao.hpp" />
		<Unit filename="src/servicos/IConta.hpp" />
		<Unit filename="src/servicos/IInvestimento.hpp" />
		<Unit filename="src/servicos/autenticacao/autenticacao_servico.cpp" />
		<Unit filename="src/servicos/autenticacao/autenticacao_servico.hpp" />
		<Unit filename="src/servicos/autenticacao/interface_servico_autenticacao.hpp" />
		<Unit filename="src/servicos/carteira/carteira_servico.cpp" />
		<Unit filename="src/servicos/carteira/carteira_servico.hpp" />
		<Unit filename="src/servicos/carteira/interface_servico_carteira.hpp" />
		<Unit filename="src/servicos/conta/conta_servico.cpp" />
		<Unit filename="src/servicos/conta/conta_servico.hpp" />
		<Unit filename="src/servicos/conta/interface_servico_conta.hpp" />
		<Unit filename="src/servicos/dados_historicos/dados_historicos_servico.cpp" />
		<Unit filename="src/servicos/dados_historicos/dados_historicos_servico.hpp" />
		<Unit filename="src/servicos/dados_historicos/interface_servico_dados_historicos.hpp" />
		<Unit filename="src/servicos/ordem/interface_servico_ordem.hpp" />
		<Unit filename="src/servicos/ordem/ordem_servico.cpp" />
		<Unit filename="src/servicos/ordem/ordem_servico.hpp" />
		<Unit filename="tests/dominios/codigo_negociacao_test.cpp" />
		<Unit filename="tests/dominios/codigo_negociacao_test.hpp" />
		<Unit filename="tests/dominios/codigo_test.cpp" />
		<Unit filename="tests/dominios/codigo_test.hpp" />
		<Unit filename="tests/dominios/cpf_test.cpp" />
		<Unit filename="tests/dominios/cpf_test.hpp" />
		<Unit filename="tests/dominios/data_test.cpp" />
		<Unit filename="tests/dominios/data_test.hpp" />
		<Unit filename="tests/dominios/dinheiro_test.cpp" />
		<Unit filename="tests/dominios/dinheiro_test.hpp" />
		<Unit filename="tests/dominios/dominios_test.cpp" />
		<Unit filename="tests/dominios/dominios_test.hpp" />
		<Unit filename="tests/dominios/nome_test.cpp" />
		<Unit filename="tests/dominios/nome_test.hpp" />
		<Unit filename="tests/dominios/perfil_test.cpp" />
		<Unit filename="tests/dominios/perfil_test.hpp" />
		<Unit filename="tests/dominios/quantidade_test.cpp" />
		<Unit filename="tests/dominios/quantidade_test.hpp" />
		<Unit filename="tests/dominios/senha_test.cpp" />
		<Unit filename="tests/dominios/senha_test.hpp" />
		<Unit filename="tests/entidades/carteira_test.cpp" />
		<Unit filename="tests/entidades/carteira_test.hpp" />
		<Unit filename="tests/entidades/conta_test.cpp" />
		<Unit filename="tests/entidades/conta_test.hpp" />
		<Unit filename="tests/entidades/entidades_test.cpp" />
		<Unit filename="tests/entidades/entidades_test.hpp" />
		<Unit filename="tests/entidades/ordem_test.cpp" />
		<Unit filename="tests/entidades/ordem_test.hpp" />
		<Unit filename="tests/utils/executor_de_testes.cpp" />
		<Unit filename="tests/utils/executor_de_testes.hpp" />
		<Unit filename="tests/utils/tu_utils.cpp" />
		<Unit filename="tests/utils/tu_utils.hpp" />
		<Extensions />
	</Project>
</CodeBlocks_project_file>
