<?xml version="1.0" encoding="UTF-8" standalone="yes" ?>
<CodeBlocks_project_file>
	<FileVersion major="1" minor="6" />
	<Project>
		<Option title="trabalho-1" />
		<Option pch_mode="2" />
		<Option compiler="gcc" />
		<Build>
			<Target title="Debug">
				<Option output="bin/Debug/trabalho-1" prefix_auto="1" extension_auto="1" />
				<Option object_output="obj/Debug/" />
				<Option type="1" />
				<Option compiler="gcc" />
				<Compiler>
					<Add option="-g" />
				</Compiler>
			</Target>
			<Target title="Release">
				<Option output="bin/Release/trabalho-1" prefix_auto="1" extension_auto="1" />
				<Option object_output="obj/Release/" />
				<Option type="1" />
				<Option compiler="gcc" />
				<Compiler>
					<Add option="-O2" />
				</Compiler>
				<Linker>
					<Add option="-s" />
				</Linker>
			</Target>
		</Build>
		<Compiler>
			<Add option="-Wall" />
			<Add option="-fexceptions" />
		</Compiler>
		<Unit filename="main.cpp" />
		<Unit filename="src/apresentacao/AMenuInicial.cpp" />
		<Unit filename="src/apresentacao/AMenuInicial.hpp" />
		<Unit filename="src/apresentacao/IAutenticacao.cpp" />
		<Unit filename="src/apresentacao/IAutenticacao.hpp" />
		<Unit filename="src/apresentacao/IConta.cpp" />
		<Unit filename="src/apresentacao/IConta.hpp" />
		<Unit filename="src/apresentacao/IInvestimento.cpp" />
		<Unit filename="src/apresentacao/IInvestimento.hpp" />
		<Unit filename="src/apresentacao/IMenuInicial.cpp" />
		<Unit filename="src/apresentacao/IMenuInicial.hpp" />
		<Unit filename="src/apresentacao/controlador/CntrlIAAutenticacao.cpp" />
		<Unit filename="src/apresentacao/controlador/CntrlIAAutenticacao.hpp" />
		<Unit filename="src/apresentacao/controlador/CntrlIAConta.cpp" />
		<Unit filename="src/apresentacao/controlador/CntrlIAConta.hpp" />
		<Unit filename="src/apresentacao/controlador/CntrlIAInvestimento.cpp" />
		<Unit filename="src/apresentacao/controlador/CntrlIAInvestimento.hpp" />
		<Unit filename="src/apresentacao/interface/IAAutenticacao.hpp" />
		<Unit filename="src/apresentacao/interface/IAConta.hpp" />
		<Unit filename="src/apresentacao/interface/IAInvestimento.hpp" />
		<Unit filename="src/apresentacao/interface/IAMenuInicial.hpp" />
		<Unit filename="src/dominios/dominios.cpp" />
		<Unit filename="src/dominios/dominios.hpp" />
		<Unit filename="src/entidades/entidades.cpp" />
		<Unit filename="src/entidades/entidades.hpp" />
		<Unit filename="src/servico/IAutenticacao.cpp" />
		<Unit filename="src/servico/IAutenticacao.hpp" />
		<Unit filename="src/servico/IConta.cpp" />
		<Unit filename="src/servico/IConta.hpp" />
		<Unit filename="src/servico/IInvestimento.cpp" />
		<Unit filename="src/servico/IInvestimento.hpp" />
		<Unit filename="src/servico/controlador/CntrlISAutenticacao.cpp" />
		<Unit filename="src/servico/controlador/CntrlISAutenticacao.hpp" />
		<Unit filename="src/servico/controlador/CntrlISConta.cpp" />
		<Unit filename="src/servico/controlador/CntrlISConta.hpp" />
		<Unit filename="src/servico/controlador/CntrlISInvestimento.cpp" />
		<Unit filename="src/servico/controlador/CntrlISInvestimento.hpp" />
		<Unit filename="src/servico/interface/ISAutenticacao.hpp" />
		<Unit filename="src/servico/interface/ISConta.hpp" />
		<Unit filename="src/servico/interface/ISInvestimento.hpp" />
		<Unit filename="src/servicos/IAutenticacao.cpp" />
		<Unit filename="src/servicos/IAutenticacao.hpp" />
		<Unit filename="src/servicos/IConta.cpp" />
		<Unit filename="src/servicos/IConta.hpp" />
		<Unit filename="src/servicos/IInvestimento.cpp" />
		<Unit filename="src/servicos/IInvestimento.hpp" />
		<Unit filename="tests/dominios/codigo_negociacao_test.cpp" />
		<Unit filename="tests/dominios/codigo_negociacao_test.hpp" />
		<Unit filename="tests/dominios/codigo_test.cpp" />
		<Unit filename="tests/dominios/codigo_test.hpp" />
		<Unit filename="tests/dominios/cpf_test.cpp" />
		<Unit filename="tests/dominios/cpf_test.hpp" />
		<Unit filename="tests/dominios/data_test.cpp" />
		<Unit filename="tests/dominios/data_test.hpp" />
		<Unit filename="tests/dominios/dinheiro_test.cpp" />
		<Unit filename="tests/dominios/dinheiro_test.hpp" />
		<Unit filename="tests/dominios/dominios_test.cpp" />
		<Unit filename="tests/dominios/dominios_test.hpp" />
		<Unit filename="tests/dominios/nome_test.cpp" />
		<Unit filename="tests/dominios/nome_test.hpp" />
		<Unit filename="tests/dominios/perfil_test.cpp" />
		<Unit filename="tests/dominios/perfil_test.hpp" />
		<Unit filename="tests/dominios/quantidade_test.cpp" />
		<Unit filename="tests/dominios/quantidade_test.hpp" />
		<Unit filename="tests/dominios/senha_test.cpp" />
		<Unit filename="tests/dominios/senha_test.hpp" />
		<Unit filename="tests/entidades/carteira_test.cpp" />
		<Unit filename="tests/entidades/carteira_test.hpp" />
		<Unit filename="tests/entidades/conta_test.cpp" />
		<Unit filename="tests/entidades/conta_test.hpp" />
		<Unit filename="tests/entidades/entidades_test.cpp" />
		<Unit filename="tests/entidades/entidades_test.hpp" />
		<Unit filename="tests/entidades/ordem_test.cpp" />
		<Unit filename="tests/entidades/ordem_test.hpp" />
		<Unit filename="tests/utils/executor_de_testes.cpp" />
		<Unit filename="tests/utils/executor_de_testes.hpp" />
		<Unit filename="tests/utils/tu_utils.cpp" />
		<Unit filename="tests/utils/tu_utils.hpp" />
		<Extensions />
	</Project>
</CodeBlocks_project_file>
